
Microsoft Visual Studio Solution File, Format Version 12.00
# Visual Studio Version 17
VisualStudioVersion = 17.8.34330.188
MinimumVisualStudioVersion = 10.0.40219.1
Project("{9A19103F-16F7-4668-BE54-9A1E7A4F7556}") = "DentalClinicApplication", "DentalClinicApplication\DentalClinicApplication.csproj", "{42AA510F-52C2-476E-892F-45513F660F46}"
EndProject
Project("{9A19103F-16F7-4668-BE54-9A1E7A4F7556}") = "Configurations", "Configurations\Configurations.csproj", "{73077344-0C03-47D2-8C1C-54C854DE1102}"
EndProject
Project("{9A19103F-16F7-4668-BE54-9A1E7A4F7556}") = "ResourceDictionariesContainer", "ResourceDictionariesContainer\ResourceDictionariesContainer.csproj", "{FD731994-C111-4D08-B66B-0CAFAED6E037}"
EndProject
Project("{9A19103F-16F7-4668-BE54-9A1E7A4F7556}") = "PlaceHolderTextControl", "PlaceHolderTextControl\PlaceHolderTextControl.csproj", "{95317AD4-8FDF-430B-BC29-4290DD429305}"
EndProject
Project("{9A19103F-16F7-4668-BE54-9A1E7A4F7556}") = "IconRadioButton", "IconRadioButton\IconRadioButton.csproj", "{FDA8C60C-E652-4039-9B4F-602F77F9297E}"
EndProject
Project("{FAE04EC0-301F-11D3-BF4B-00C04F79EFBC}") = "HeaderedTextBox", "HeaderedTextBox\HeaderedTextBox.csproj", "{3A7995B5-77E5-4D26-B343-C71A80479142}"
EndProject
Global
	GlobalSection(SolutionConfigurationPlatforms) = preSolution
		Debug|Any CPU = Debug|Any CPU
		Release|Any CPU = Release|Any CPU
	EndGlobalSection
	GlobalSection(ProjectConfigurationPlatforms) = postSolution
		{42AA510F-52C2-476E-892F-45513F660F46}.Debug|Any CPU.ActiveCfg = Debug|Any CPU
		{42AA510F-52C2-476E-892F-45513F660F46}.Debug|Any CPU.Build.0 = Debug|Any CPU
		{42AA510F-52C2-476E-892F-45513F660F46}.Release|Any CPU.ActiveCfg = Release|Any CPU
		{42AA510F-52C2-476E-892F-45513F660F46}.Release|Any CPU.Build.0 = Release|Any CPU
		{73077344-0C03-47D2-8C1C-54C854DE1102}.Debug|Any CPU.ActiveCfg = Debug|Any CPU
		{73077344-0C03-47D2-8C1C-54C854DE1102}.Debug|Any CPU.Build.0 = Debug|Any CPU
		{73077344-0C03-47D2-8C1C-54C854DE1102}.Release|Any CPU.ActiveCfg = Release|Any CPU
		{73077344-0C03-47D2-8C1C-54C854DE1102}.Release|Any CPU.Build.0 = Release|Any CPU
		{FD731994-C111-4D08-B66B-0CAFAED6E037}.Debug|Any CPU.ActiveCfg = Debug|Any CPU
		{FD731994-C111-4D08-B66B-0CAFAED6E037}.Debug|Any CPU.Build.0 = Debug|Any CPU
		{FD731994-C111-4D08-B66B-0CAFAED6E037}.Release|Any CPU.ActiveCfg = Release|Any CPU
		{FD731994-C111-4D08-B66B-0CAFAED6E037}.Release|Any CPU.Build.0 = Release|Any CPU
		{95317AD4-8FDF-430B-BC29-4290DD429305}.Debug|Any CPU.ActiveCfg = Debug|Any CPU
		{95317AD4-8FDF-430B-BC29-4290DD429305}.Debug|Any CPU.Build.0 = Debug|Any CPU
		{95317AD4-8FDF-430B-BC29-4290DD429305}.Release|Any CPU.ActiveCfg = Release|Any CPU
		{95317AD4-8FDF-430B-BC29-4290DD429305}.Release|Any CPU.Build.0 = Release|Any CPU
		{FDA8C60C-E652-4039-9B4F-602F77F9297E}.Debug|Any CPU.ActiveCfg = Debug|Any CPU
		{FDA8C60C-E652-4039-9B4F-602F77F9297E}.Debug|Any CPU.Build.0 = Debug|Any CPU
		{FDA8C60C-E652-4039-9B4F-602F77F9297E}.Release|Any CPU.ActiveCfg = Release|Any CPU
		{FDA8C60C-E652-4039-9B4F-602F77F9297E}.Release|Any CPU.Build.0 = Release|Any CPU
		{3A7995B5-77E5-4D26-B343-C71A80479142}.Debug|Any CPU.ActiveCfg = Debug|Any CPU
		{3A7995B5-77E5-4D26-B343-C71A80479142}.Debug|Any CPU.Build.0 = Debug|Any CPU
		{3A7995B5-77E5-4D26-B343-C71A80479142}.Release|Any CPU.ActiveCfg = Release|Any CPU
		{3A7995B5-77E5-4D26-B343-C71A80479142}.Release|Any CPU.Build.0 = Release|Any CPU
	EndGlobalSection
	GlobalSection(SolutionProperties) = preSolution
		HideSolutionNode = FALSE
	EndGlobalSection
	GlobalSection(ExtensibilityGlobals) = postSolution
		SolutionGuid = {CA3B5495-B4CB-40CA-B88A-046B05A230F4}
	EndGlobalSection
EndGlobal
